PATH
  remote: .bundle/vendor/irb-stub
  specs:
    irb (1.99.0)

GEM
  remote: https://rubygems.org/
  specs:
    actionpack (7.2.3.1)
      actionview (= 7.2.3.1)
      activesupport (= 7.2.3.1)
      cgi
      nokogiri (>= 1.8.5)
      racc
      rack (>= 2.2.4, < 3.3)
      rack-session (>= 1.0.1)
      rack-test (>= 0.6.3)
      rails-dom-testing (~> 2.2)
      rails-html-sanitizer (~> 1.6)
      useragent (~> 0.16)
    actionview (7.2.3.1)
      activesupport (= 7.2.3.1)
      builder (~> 3.1)
      cgi
      erubi (~> 1.11)
      rails-dom-testing (~> 2.2)
      rails-html-sanitizer (~> 1.6)
    activesupport (7.2.3.1)
      base64
      benchmark (>= 0.3)
      bigdecimal
      concurrent-ruby (~> 1.0, >= 1.3.1)
      connection_pool (>= 2.2.5)
      drb
      i18n (>= 1.6, < 2)
      logger (>= 1.4.2)
      minitest (>= 5.1, < 6)
      securerandom (>= 0.3)
      tzinfo (~> 2.0, >= 2.0.5)
    addressable (2.8.9)
      public_suffix (>= 2.0.2, < 8.0)
    base64 (0.3.0)
    benchmark (0.5.0)
    bigdecimal (4.1.0)
    bigdecimal (4.1.0-java)
    builder (3.3.0)
    capybara (3.40.0)
      addressable
      matrix
      mini_mime (>= 0.1.3)
      nokogiri (~> 1.11)
      rack (>= 1.6.0)
      rack-test (>= 0.6.3)
      regexp_parser (>= 1.5, < 3.0)
      xpath (~> 3.2)
    cgi (0.5.1)
    cgi (0.5.1-java)
    concurrent-ruby (1.3.6)
    connection_pool (2.5.5)
    crass (1.0.6)
    dartsass-sprockets (3.2.1)
      railties (>= 4.0.0)
      sassc-embedded (~> 1.80.1)
      sprockets (> 3.0)
      sprockets-rails
      tilt
    diff-lcs (1.6.2)
    drb (2.2.3)
    erubi (1.13.1)
    ffi (1.17.4-java)
    ffi-compiler (1.3.2)
      ffi (>= 1.15.5)
      rake
    google-protobuf (4.34.1-java)
      bigdecimal
      ffi (~> 1)
      ffi-compiler (~> 1)
      rake (~> 13.3)
    google-protobuf (4.34.1-x86_64-linux-gnu)
      bigdecimal
      rake (~> 13.3)
    i18n (1.14.8)
      concurrent-ruby (~> 1.0)
    js-routes (1.4.14)
      railties (>= 4)
    logger (1.7.0)
    loofah (2.25.1)
      crass (~> 1.0.2)
      nokogiri (>= 1.12.0)
    matrix (0.4.3)
    mini_mime (1.1.5)
    minitest (5.27.0)
    nokogiri (1.18.10-java)
      racc (~> 1.4)
    nokogiri (1.18.10-x86_64-linux-gnu)
      racc (~> 1.4)
    public_suffix (6.0.2)
    racc (1.8.1)
    racc (1.8.1-java)
    rack (2.2.23)
    rack-session (1.0.2)
      rack (< 3)
    rack-test (2.2.0)
      rack (>= 1.3)
    rackup (1.0.1)
      rack (< 3)
      webrick
    rails-controller-testing (1.0.5)
      actionpack (>= 5.0.1.rc1)
      actionview (>= 5.0.1.rc1)
      activesupport (>= 5.0.1.rc1)
    rails-dom-testing (2.3.0)
      activesupport (>= 5.0.0)
      minitest
      nokogiri (>= 1.6)
    rails-html-sanitizer (1.7.0)
      loofah (~> 2.25)
      nokogiri (>= 1.15.7, != 1.16.7, != 1.16.6, != 1.16.5, != 1.16.4, != 1.16.3, != 1.16.2, != 1.16.1, != 1.16.0.rc1, != 1.16.0)
    railties (7.2.3.1)
      actionpack (= 7.2.3.1)
      activesupport (= 7.2.3.1)
      cgi
      irb (~> 1.13)
      rackup (>= 1.0.0)
      rake (>= 12.2)
      thor (~> 1.0, >= 1.2.2)
      tsort (>= 0.2)
      zeitwerk (~> 2.6)
    rake (13.3.1)
    regexp_parser (2.11.3)
    rspec-core (3.13.6)
      rspec-support (~> 3.13.0)
    rspec-expectations (3.13.5)
      diff-lcs (>= 1.2.0, < 2.0)
      rspec-support (~> 3.13.0)
    rspec-mocks (3.13.8)
      diff-lcs (>= 1.2.0, < 2.0)
      rspec-support (~> 3.13.0)
    rspec-rails (8.0.4)
      actionpack (>= 7.2)
      activesupport (>= 7.2)
      railties (>= 7.2)
      rspec-core (>= 3.13.0, < 5.0.0)
      rspec-expectations (>= 3.13.0, < 5.0.0)
      rspec-mocks (>= 3.13.0, < 5.0.0)
      rspec-support (>= 3.13.0, < 5.0.0)
    rspec-support (3.13.7)
    rspec_junit_formatter (0.6.0)
      rspec-core (>= 2, < 4, != 2.12.0)
    sass-embedded (1.98.0)
      google-protobuf (~> 4.31)
      rake (>= 13)
    sassc-embedded (1.80.8)
      sass-embedded (~> 1.80)
    securerandom (0.4.1)
    sprockets (4.2.2)
      concurrent-ruby (~> 1.0)
      logger
      rack (>= 2.2.4, < 4)
    sprockets-rails (3.5.2)
      actionpack (>= 6.1)
      activesupport (>= 6.1)
      sprockets (>= 3.0.0)
    thor (1.5.0)
    tilt (2.7.0)
    ts_routes (1.0.3)
      railties (>= 4.0)
    tsort (0.2.0)
    tzinfo (2.0.6)
      concurrent-ruby (~> 1.0)
    tzinfo-data (1.2026.1)
      tzinfo (>= 1.0.0)
    useragent (0.16.11)
    webrick (1.9.2)
    xpath (3.2.0)
      nokogiri (~> 1.8)
    zeitwerk (2.6.18)

PLATFORMS
  universal-java
  universal-java-25
  x86_64-linux

DEPENDENCIES
  actionpack (~> 7.2.0)
  actionview (~> 7.2.0)
  activesupport (~> 7.2.0)
  capybara
  dartsass-sprockets
  irb!
  js-routes (~> 1.4)
  rack (~> 2.2.0)
  rails-controller-testing
  railties (~> 7.2.0)
  rspec-rails
  rspec_junit_formatter
  sprockets-rails
  ts_routes
  tzinfo-data

CHECKSUMS
  actionpack (7.2.3.1) sha256=b66afe7f937273270cb63f03bde7af7ba850017867766e8848d06d3e12e1e4ca
  actionview (7.2.3.1) sha256=de19b86843391762ac24a6287c30fbba11cd475fa4d4b664924d5fb7a2f1ff7c
  activesupport (7.2.3.1) sha256=11ebed516a43a0bb47346227a35ebae4d9427465a7c9eb197a03d5c8d283cb34
  addressable (2.8.9) sha256=cc154fcbe689711808a43601dee7b980238ce54368d23e127421753e46895485
  base64 (0.3.0) sha256=27337aeabad6ffae05c265c450490628ef3ebd4b67be58257393227588f5a97b
  benchmark (0.5.0) sha256=465df122341aedcb81a2a24b4d3bd19b6c67c1530713fd533f3ff034e419236c
  bigdecimal (4.1.0) sha256=6dc07767aa3dc456ccd48e7ae70a07b474e9afd7c5bc576f80bd6da5c8dd6cae
  bigdecimal (4.1.0-java) sha256=1623930ea8e5187d4229f2857f129a83247ccd1cade71a4bc7d8bf3b41bbba59
  builder (3.3.0) sha256=497918d2f9dca528fdca4b88d84e4ef4387256d984b8154e9d5d3fe5a9c8835f
  capybara (3.40.0) sha256=42dba720578ea1ca65fd7a41d163dd368502c191804558f6e0f71b391054aeef
  cgi (0.5.1) sha256=e93fcafc69b8a934fe1e6146121fa35430efa8b4a4047c4893764067036f18e9
  cgi (0.5.1-java) sha256=e76a09434b840d6b156f0f24d8294624ff6f351c8f2e428104bb56a176295d9a
  concurrent-ruby (1.3.6) sha256=6b56837e1e7e5292f9864f34b69c5a2cbc75c0cf5338f1ce9903d10fa762d5ab
  connection_pool (2.5.5) sha256=e54ff92855753df1fd7c59fa04a398833355f27dd14c074f8c83a05f72a716ad
  crass (1.0.6) sha256=dc516022a56e7b3b156099abc81b6d2b08ea1ed12676ac7a5657617f012bd45d
  dartsass-sprockets (3.2.1) sha256=5163c59d155bfb834e2554bec00e2ff9ab97ad3ea82545cbacf650cf0469f3c3
  diff-lcs (1.6.2) sha256=9ae0d2cba7d4df3075fe8cd8602a8604993efc0dfa934cff568969efb1909962
  drb (2.2.3) sha256=0b00d6fdb50995fe4a45dea13663493c841112e4068656854646f418fda13373
  erubi (1.13.1) sha256=a082103b0885dbc5ecf1172fede897f9ebdb745a4b97a5e8dc63953db1ee4ad9
  ffi (1.17.4-java) sha256=449281c799727413eb367e396a838328e767a41fd76a14ae2dfbee0c37f0a279
  ffi-compiler (1.3.2) sha256=a94f3d81d12caf5c5d4ecf13980a70d0aeaa72268f3b9cc13358bcc6509184a0
  google-protobuf (4.34.1-java) sha256=b61f7f754842171af103130b94c72760888be271ce8cf79cdb1913e8f5674c5e
  google-protobuf (4.34.1-x86_64-linux-gnu) sha256=87088c9fd8e47b5b40ca498fc1195add6149e941ff7e81c532a5b0b8876d4cc9
  i18n (1.14.8) sha256=285778639134865c5e0f6269e0b818256017e8cde89993fdfcbfb64d088824a5
  irb (1.99.0)
  js-routes (1.4.14) sha256=bc48a346bb77e9fe526881deaebbd8811d3c0cdcdc1b22d5af170ad6be33be51
  logger (1.7.0) sha256=196edec7cc44b66cfb40f9755ce11b392f21f7967696af15d274dde7edff0203
  loofah (2.25.1) sha256=d436c73dbd0c1147b16c4a41db097942d217303e1f7728704b37e4df9f6d2e04
  matrix (0.4.3) sha256=a0d5ab7ddcc1973ff690ab361b67f359acbb16958d1dc072b8b956a286564c5b
  mini_mime (1.1.5) sha256=8681b7e2e4215f2a159f9400b5816d85e9d8c6c6b491e96a12797e798f8bccef
  minitest (5.27.0) sha256=2d3b17f8a36fe7801c1adcffdbc38233b938eb0b4966e97a6739055a45fa77d5
  nokogiri (1.18.10-java) sha256=cd431a09c45d84a2f870ba0b7e8f571199b3727d530f2b4888a73639f76510b5
  nokogiri (1.18.10-x86_64-linux-gnu) sha256=ff5ba26ba2dbce5c04b9ea200777fd225061d7a3930548806f31db907e500f72
  public_suffix (6.0.2) sha256=bfa7cd5108066f8c9602e0d6d4114999a5df5839a63149d3e8b0f9c1d3558394
  racc (1.8.1) sha256=4a7f6929691dbec8b5209a0b373bc2614882b55fc5d2e447a21aaa691303d62f
  racc (1.8.1-java) sha256=54f2e6d1e1b91c154013277d986f52a90e5ececbe91465d29172e49342732b98
  rack (2.2.23) sha256=a8fe9d7e07064770b8ec123663fded8a59ef7e2b6db5cda7173d45a5718ab69c
  rack-session (1.0.2) sha256=a02115e5420b4de036839b9811e3f7967d73446a554b42aa45106af335851d76
  rack-test (2.2.0) sha256=005a36692c306ac0b4a9350355ee080fd09ddef1148a5f8b2ac636c720f5c463
  rackup (1.0.1) sha256=ba86604a28989fe1043bff20d819b360944ca08156406812dca6742b24b3c249
  rails-controller-testing (1.0.5) sha256=741448db59366073e86fc965ba403f881c636b79a2c39a48d0486f2607182e94
  rails-dom-testing (2.3.0) sha256=8acc7953a7b911ca44588bf08737bc16719f431a1cc3091a292bca7317925c1d
  rails-html-sanitizer (1.7.0) sha256=28b145cceaf9cc214a9874feaa183c3acba036c9592b19886e0e45efc62b1e89
  railties (7.2.3.1) sha256=aea3393ee10243ceedcbeccb45458a0d58b524b6d21bf32eff8b93853baae15a
  rake (13.3.1) sha256=8c9e89d09f66a26a01264e7e3480ec0607f0c497a861ef16063604b1b08eb19c
  regexp_parser (2.11.3) sha256=ca13f381a173b7a93450e53459075c9b76a10433caadcb2f1180f2c741fc55a4
  rspec-core (3.13.6) sha256=a8823c6411667b60a8bca135364351dda34cd55e44ff94c4be4633b37d828b2d
  rspec-expectations (3.13.5) sha256=33a4d3a1d95060aea4c94e9f237030a8f9eae5615e9bd85718fe3a09e4b58836
  rspec-mocks (3.13.8) sha256=086ad3d3d17533f4237643de0b5c42f04b66348c28bf6b9c2d3f4a3b01af1d47
  rspec-rails (8.0.4) sha256=06235692fc0892683d3d34977e081db867434b3a24ae0dd0c6f3516bad4e22df
  rspec-support (3.13.7) sha256=0640e5570872aafefd79867901deeeeb40b0c9875a36b983d85f54fb7381c47c
  rspec_junit_formatter (0.6.0) sha256=40dde674e6ae4e6cc0ff560da25497677e34fefd2338cc467a8972f602b62b15
  sass-embedded (1.98.0) sha256=397dcd0071170f079eb97562a035fa113358af10e3ff759a57bc7eef763e9f94
  sassc-embedded (1.80.8) sha256=ea62825e4031cc8267e6befd492bcf8e29f11ccc18500f4e8ee9adb7feb6d563
  securerandom (0.4.1) sha256=cc5193d414a4341b6e225f0cb4446aceca8e50d5e1888743fac16987638ea0b1
  sprockets (4.2.2) sha256=761e5a49f1c288704763f73139763564c845a8f856d52fba013458f8af1b59b1
  sprockets-rails (3.5.2) sha256=a9e88e6ce9f8c912d349aa5401509165ec42326baf9e942a85de4b76dbc4119e
  thor (1.5.0) sha256=e3a9e55fe857e44859ce104a84675ab6e8cd59c650a49106a05f55f136425e73
  tilt (2.7.0) sha256=0d5b9ba69f6a36490c64b0eee9f6e9aad517e20dcc848800a06eb116f08c6ab3
  ts_routes (1.0.3) sha256=a8f3f2f8d3e4787d2a037143a6832c3fb8ed7f9238290d85f8d1bc7cbe42e7ad
  tsort (0.2.0) sha256=9650a793f6859a43b6641671278f79cfead60ac714148aabe4e3f0060480089f
  tzinfo (2.0.6) sha256=8daf828cc77bcf7d63b0e3bdb6caa47e2272dcfaf4fbfe46f8c3a9df087a829b
  tzinfo-data (1.2026.1) sha256=4ea36519ae5ae2cf0fad471207a519be006daf42e3b2359ee9e9c53f113609fd
  useragent (0.16.11) sha256=700e6413ad4bb954bb63547fa098dddf7b0ebe75b40cc6f93b8d54255b173844
  webrick (1.9.2) sha256=beb4a15fc474defed24a3bda4ffd88a490d517c9e4e6118c3edce59e45864131
  xpath (3.2.0) sha256=6dfda79d91bb3b949b947ecc5919f042ef2f399b904013eb3ef6d20dd3a4082e
  zeitwerk (2.6.18) sha256=bd2d213996ff7b3b364cd342a585fbee9797dbc1c0c6d868dc4150cc75739781

RUBY VERSION
   ruby 3.1.7p0 (jruby 9.4.14.0)

BUNDLED WITH
   2.6.3
