{
  "name": "scripts",
  "version": "1.0.0",
  "lockfileVersion": 2,
  "requires": true,
  "packages": {
    "": {
      "version": "1.0.0",
      "license": "Apache-2.0",
      "dependencies": {
        "semver": "^7.3.6"
      }
    },
    "node_modules/lru-cache": {
      "version": "7.8.0",
      "resolved": "https://registry.npmjs.org/lru-cache/-/lru-cache-7.8.0.tgz",
      "integrity": "sha512-AmXqneQZL3KZMIgBpaPTeI6pfwh+xQ2vutMsyqOu1TBdEXFZgpG/80wuJ531w2ZN7TI0/oc8CPxzh/DKQudZqg==",
      "engines": {
        "node": ">=12"
      }
    },
    "node_modules/semver": {
      "version": "7.3.6",
      "resolved": "https://registry.npmjs.org/semver/-/semver-7.3.6.tgz",
      "integrity": "sha512-HZWqcgwLsjaX1HBD31msI/rXktuIhS+lWvdE4kN9z+8IVT4Itc7vqU2WvYsyD6/sjYCt4dEKH/m1M3dwI9CC5w==",
      "dependencies": {
        "lru-cache": "^7.4.0"
      },
      "bin": {
        "semver": "bin/semver.js"
      },
      "engines": {
        "node": "^10.0.0 || ^12.0.0 || ^14.0.0 || >=16.0.0"
      }
    }
  },
  "dependencies": {
    "lru-cache": {
      "version": "7.8.0",
      "resolved": "https://registry.npmjs.org/lru-cache/-/lru-cache-7.8.0.tgz",
      "integrity": "sha512-AmXqneQZL3KZMIgBpaPTeI6pfwh+xQ2vutMsyqOu1TBdEXFZgpG/80wuJ531w2ZN7TI0/oc8CPxzh/DKQudZqg=="
    },
    "semver": {
      "version": "7.3.6",
      "resolved": "https://registry.npmjs.org/semver/-/semver-7.3.6.tgz",
      "integrity": "sha512-HZWqcgwLsjaX1HBD31msI/rXktuIhS+lWvdE4kN9z+8IVT4Itc7vqU2WvYsyD6/sjYCt4dEKH/m1M3dwI9CC5w==",
      "requires": {
        "lru-cache": "^7.4.0"
      }
    }
  }
}
